
Microsoft Visual Studio Solution File, Format Version 12.00
# Visual Studio Version 17
VisualStudioVersion = 17.11.35312.102
MinimumVisualStudioVersion = 10.0.40219.1
Project("{FAE04EC0-301F-11D3-BF4B-00C04F79EFBC}") = "FractionApp", "FractionApp\FractionApp.csproj", "{771F538C-F281-4F65-8CDF-E6A80B0E004A}"
EndProject
Global
	GlobalSection(SolutionConfigurationPlatforms) = preSolution
		Debug|Any CPU = Debug|Any CPU
		Release|Any CPU = Release|Any CPU
	EndGlobalSection
	GlobalSection(ProjectConfigurationPlatforms) = postSolution
		{771F538C-F281-4F65-8CDF-E6A80B0E004A}.Debug|Any CPU.ActiveCfg = Debug|Any CPU
		{771F538C-F281-4F65-8CDF-E6A80B0E004A}.Debug|Any CPU.Build.0 = Debug|Any CPU
		{771F538C-F281-4F65-8CDF-E6A80B0E004A}.Release|Any CPU.ActiveCfg = Release|Any CPU
		{771F538C-F281-4F65-8CDF-E6A80B0E004A}.Release|Any CPU.Build.0 = Release|Any CPU
	EndGlobalSection
	GlobalSection(SolutionProperties) = preSolution
		HideSolutionNode = FALSE
	EndGlobalSection
	GlobalSection(ExtensibilityGlobals) = postSolution
		SolutionGuid = {C326BF87-99B0-4A4B-8852-B492FA5086E8}
	EndGlobalSection
EndGlobal
